
Microsoft Visual Studio Solution File, Format Version 12.00
# Visual Studio Version 17
VisualStudioVersion = 17.5.002.0
MinimumVisualStudioVersion = 10.0.40219.1
Project("{9A19103F-16F7-4668-BE54-9A1E7A4F7556}") = "gestorTaller", "gestorTaller.csproj", "{F60A8BD2-5F81-40CF-9EC1-D0A972139794}"
EndProject
Global
	GlobalSection(SolutionConfigurationPlatforms) = preSolution
		Debug|Any CPU = Debug|Any CPU
		Release|Any CPU = Release|Any CPU
	EndGlobalSection
	GlobalSection(ProjectConfigurationPlatforms) = postSolution
		{F60A8BD2-5F81-40CF-9EC1-D0A972139794}.Debug|Any CPU.ActiveCfg = Debug|Any CPU
		{F60A8BD2-5F81-40CF-9EC1-D0A972139794}.Debug|Any CPU.Build.0 = Debug|Any CPU
		{F60A8BD2-5F81-40CF-9EC1-D0A972139794}.Release|Any CPU.ActiveCfg = Release|Any CPU
		{F60A8BD2-5F81-40CF-9EC1-D0A972139794}.Release|Any CPU.Build.0 = Release|Any CPU
	EndGlobalSection
	GlobalSection(SolutionProperties) = preSolution
		HideSolutionNode = FALSE
	EndGlobalSection
	GlobalSection(ExtensibilityGlobals) = postSolution
		SolutionGuid = {5BD1BBE0-992A-447B-B95B-E5C9E32EF00E}
	EndGlobalSection
EndGlobal
